
Microsoft Visual Studio Solution File, Format Version 12.00
# Visual Studio Version 16
VisualStudioVersion = 16.0.29613.14
MinimumVisualStudioVersion = 10.0.40219.1
Project("{FAE04EC0-301F-11D3-BF4B-00C04F79EFBC}") = "WPF_Kuznetsov_PR1", "WPF_Kuznetsov_PR1.csproj", "{BDD8B904-5C2D-41AF-9AB8-84C4E4D3AEA2}"
EndProject
Global
	GlobalSection(SolutionConfigurationPlatforms) = preSolution
		Debug|Any CPU = Debug|Any CPU
		Release|Any CPU = Release|Any CPU
	EndGlobalSection
	GlobalSection(ProjectConfigurationPlatforms) = postSolution
		{BDD8B904-5C2D-41AF-9AB8-84C4E4D3AEA2}.Debug|Any CPU.ActiveCfg = Debug|Any CPU
		{BDD8B904-5C2D-41AF-9AB8-84C4E4D3AEA2}.Debug|Any CPU.Build.0 = Debug|Any CPU
		{BDD8B904-5C2D-41AF-9AB8-84C4E4D3AEA2}.Release|Any CPU.ActiveCfg = Release|Any CPU
		{BDD8B904-5C2D-41AF-9AB8-84C4E4D3AEA2}.Release|Any CPU.Build.0 = Release|Any CPU
	EndGlobalSection
	GlobalSection(SolutionProperties) = preSolution
		HideSolutionNode = FALSE
	EndGlobalSection
	GlobalSection(ExtensibilityGlobals) = postSolution
		SolutionGuid = {E5A5017A-8BAE-4B2B-8D63-CDB4E8F54499}
	EndGlobalSection
EndGlobal
